// !$*UTF8*$!
{
	archiveVersion = 1;
	classes = {
	};
	objectVersion = 50;
	objects = {

/* Begin PBXBuildFile section */
		AB4FFE7F258BA30100708D39 /* UserPage.swift in Sources */ = {isa = PBXBuildFile; fileRef = AB4FFE7E258BA30100708D39 /* UserPage.swift */; };
		AB99E395258A5B1A00FE1B1B /* journalApp.swift in Sources */ = {isa = PBXBuildFile; fileRef = AB99E394258A5B1A00FE1B1B /* journalApp.swift */; };
		AB99E397258A5B1A00FE1B1B /* DayView.swift in Sources */ = {isa = PBXBuildFile; fileRef = AB99E396258A5B1A00FE1B1B /* DayView.swift */; };
		AB99E399258A5B1F00FE1B1B /* Assets.xcassets in Resources */ = {isa = PBXBuildFile; fileRef = AB99E398258A5B1F00FE1B1B /* Assets.xcassets */; };
		AB99E39C258A5B1F00FE1B1B /* Preview Assets.xcassets in Resources */ = {isa = PBXBuildFile; fileRef = AB99E39B258A5B1F00FE1B1B /* Preview Assets.xcassets */; };
		AB9C43E4258B93BD00345A74 /* yearsOfDayView.swift in Sources */ = {isa = PBXBuildFile; fileRef = AB9C43E3258B93BD00345A74 /* yearsOfDayView.swift */; };
		AB9C43E7258B949000345A74 /* yearsOfDayTextView.swift in Sources */ = {isa = PBXBuildFile; fileRef = AB9C43E6258B949000345A74 /* yearsOfDayTextView.swift */; };
		AB9C43EC258B9D0B00345A74 /* User.swift in Sources */ = {isa = PBXBuildFile; fileRef = AB9C43EB258B9D0B00345A74 /* User.swift */; };
/* End PBXBuildFile section */

/* Begin PBXFileReference section */
		AB4FFE7E258BA30100708D39 /* UserPage.swift */ = {isa = PBXFileReference; lastKnownFileType = sourcecode.swift; name = UserPage.swift; path = journal/ViewModel/UserPage.swift; sourceTree = SOURCE_ROOT; };
		AB99E391258A5B1A00FE1B1B /* journal.app */ = {isa = PBXFileReference; explicitFileType = wrapper.application; includeInIndex = 0; path = journal.app; sourceTree = BUILT_PRODUCTS_DIR; };
		AB99E394258A5B1A00FE1B1B /* journalApp.swift */ = {isa = PBXFileReference; lastKnownFileType = sourcecode.swift; path = journalApp.swift; sourceTree = "<group>"; };
		AB99E396258A5B1A00FE1B1B /* DayView.swift */ = {isa = PBXFileReference; lastKnownFileType = sourcecode.swift; path = DayView.swift; sourceTree = "<group>"; };
		AB99E398258A5B1F00FE1B1B /* Assets.xcassets */ = {isa = PBXFileReference; lastKnownFileType = folder.assetcatalog; path = Assets.xcassets; sourceTree = "<group>"; };
		AB99E39B258A5B1F00FE1B1B /* Preview Assets.xcassets */ = {isa = PBXFileReference; lastKnownFileType = folder.assetcatalog; path = "Preview Assets.xcassets"; sourceTree = "<group>"; };
		AB99E39D258A5B1F00FE1B1B /* Info.plist */ = {isa = PBXFileReference; lastKnownFileType = text.plist.xml; path = Info.plist; sourceTree = "<group>"; };
		AB9C43E3258B93BD00345A74 /* yearsOfDayView.swift */ = {isa = PBXFileReference; lastKnownFileType = sourcecode.swift; path = yearsOfDayView.swift; sourceTree = "<group>"; };
		AB9C43E6258B949000345A74 /* yearsOfDayTextView.swift */ = {isa = PBXFileReference; lastKnownFileType = sourcecode.swift; path = yearsOfDayTextView.swift; sourceTree = "<group>"; };
		AB9C43EB258B9D0B00345A74 /* User.swift */ = {isa = PBXFileReference; lastKnownFileType = sourcecode.swift; path = User.swift; sourceTree = "<group>"; };
/* End PBXFileReference section */

/* Begin PBXFrameworksBuildPhase section */
		AB99E38E258A5B1A00FE1B1B /* Frameworks */ = {
			isa = PBXFrameworksBuildPhase;
			buildActionMask = 2147483647;
			files = (
			);
			runOnlyForDeploymentPostprocessing = 0;
		};
/* End PBXFrameworksBuildPhase section */

/* Begin PBXGroup section */
		AB4FFE7D258BA27D00708D39 /* Model */ = {
			isa = PBXGroup;
			children = (
				AB9C43EB258B9D0B00345A74 /* User.swift */,
			);
			path = Model;
			sourceTree = "<group>";
		};
		AB4FFE81258BA30F00708D39 /* ViewModel */ = {
			isa = PBXGroup;
			children = (
				AB4FFE7E258BA30100708D39 /* UserPage.swift */,
			);
			path = ViewModel;
			sourceTree = "<group>";
		};
		AB99E388258A5B1A00FE1B1B = {
			isa = PBXGroup;
			children = (
				AB99E393258A5B1A00FE1B1B /* journal */,
				AB99E392258A5B1A00FE1B1B /* Products */,
			);
			sourceTree = "<group>";
		};
		AB99E392258A5B1A00FE1B1B /* Products */ = {
			isa = PBXGroup;
			children = (
				AB99E391258A5B1A00FE1B1B /* journal.app */,
			);
			name = Products;
			sourceTree = "<group>";
		};
		AB99E393258A5B1A00FE1B1B /* journal */ = {
			isa = PBXGroup;
			children = (
				AB99E394258A5B1A00FE1B1B /* journalApp.swift */,
				AB4FFE7D258BA27D00708D39 /* Model */,
				AB9C43E9258B952900345A74 /* View */,
				AB4FFE81258BA30F00708D39 /* ViewModel */,
				AB99E398258A5B1F00FE1B1B /* Assets.xcassets */,
				AB99E39D258A5B1F00FE1B1B /* Info.plist */,
				AB99E39A258A5B1F00FE1B1B /* Preview Content */,
			);
			path = journal;
			sourceTree = "<group>";
		};
		AB99E39A258A5B1F00FE1B1B /* Preview Content */ = {
			isa = PBXGroup;
			children = (
				AB99E39B258A5B1F00FE1B1B /* Preview Assets.xcassets */,
			);
			path = "Preview Content";
			sourceTree = "<group>";
		};
		AB9C43E9258B952900345A74 /* View */ = {
			isa = PBXGroup;
			children = (
				AB99E396258A5B1A00FE1B1B /* DayView.swift */,
				AB9C43E3258B93BD00345A74 /* yearsOfDayView.swift */,
				AB9C43E6258B949000345A74 /* yearsOfDayTextView.swift */,
			);
			path = View;
			sourceTree = "<group>";
		};
/* End PBXGroup section */

/* Begin PBXNativeTarget section */
		AB99E390258A5B1A00FE1B1B /* journal */ = {
			isa = PBXNativeTarget;
			buildConfigurationList = AB99E3A0258A5B1F00FE1B1B /* Build configuration list for PBXNativeTarget "journal" */;
			buildPhases = (
				AB99E38D258A5B1A00FE1B1B /* Sources */,
				AB99E38E258A5B1A00FE1B1B /* Frameworks */,
				AB99E38F258A5B1A00FE1B1B /* Resources */,
			);
			buildRules = (
			);
			dependencies = (
			);
			name = journal;
			productName = journal;
			productReference = AB99E391258A5B1A00FE1B1B /* journal.app */;
			productType = "com.apple.product-type.application";
		};
/* End PBXNativeTarget section */

/* Begin PBXProject section */
		AB99E389258A5B1A00FE1B1B /* Project object */ = {
			isa = PBXProject;
			attributes = {
				LastSwiftUpdateCheck = 1230;
				LastUpgradeCheck = 1230;
				TargetAttributes = {
					AB99E390258A5B1A00FE1B1B = {
						CreatedOnToolsVersion = 12.3;
					};
				};
			};
			buildConfigurationList = AB99E38C258A5B1A00FE1B1B /* Build configuration list for PBXProject "journal" */;
			compatibilityVersion = "Xcode 9.3";
			developmentRegion = en;
			hasScannedForEncodings = 0;
			knownRegions = (
				en,
				Base,
			);
			mainGroup = AB99E388258A5B1A00FE1B1B;
			productRefGroup = AB99E392258A5B1A00FE1B1B /* Products */;
			projectDirPath = "";
			projectRoot = "";
			targets = (
				AB99E390258A5B1A00FE1B1B /* journal */,
			);
		};
/* End PBXProject section */

/* Begin PBXResourcesBuildPhase section */
		AB99E38F258A5B1A00FE1B1B /* Resources */ = {
			isa = PBXResourcesBuildPhase;
			buildActionMask = 2147483647;
			files = (
				AB99E39C258A5B1F00FE1B1B /* Preview Assets.xcassets in Resources */,
				AB99E399258A5B1F00FE1B1B /* Assets.xcassets in Resources */,
			);
			runOnlyForDeploymentPostprocessing = 0;
		};
/* End PBXResourcesBuildPhase section */

/* Begin PBXSourcesBuildPhase section */
		AB99E38D258A5B1A00FE1B1B /* Sources */ = {
			isa = PBXSourcesBuildPhase;
			buildActionMask = 2147483647;
			files = (
				AB99E397258A5B1A00FE1B1B /* DayView.swift in Sources */,
				AB99E395258A5B1A00FE1B1B /* journalApp.swift in Sources */,
				AB9C43EC258B9D0B00345A74 /* User.swift in Sources */,
				AB9C43E7258B949000345A74 /* yearsOfDayTextView.swift in Sources */,
				AB9C43E4258B93BD00345A74 /* yearsOfDayView.swift in Sources */,
				AB4FFE7F258BA30100708D39 /* UserPage.swift in Sources */,
			);
			runOnlyForDeploymentPostprocessing = 0;
		};
/* End PBXSourcesBuildPhase section */

/* Begin XCBuildConfiguration section */
		AB99E39E258A5B1F00FE1B1B /* Debug */ = {
			isa = XCBuildConfiguration;
			buildSettings = {
				ALWAYS_SEARCH_USER_PATHS = NO;
				CLANG_ANALYZER_NONNULL = YES;
				CLANG_ANALYZER_NUMBER_OBJECT_CONVERSION = YES_AGGRESSIVE;
				CLANG_CXX_LANGUAGE_STANDARD = "gnu++14";
				CLANG_CXX_LIBRARY = "libc++";
				CLANG_ENABLE_MODULES = YES;
				CLANG_ENABLE_OBJC_ARC = YES;
				CLANG_ENABLE_OBJC_WEAK = YES;
				CLANG_WARN_BLOCK_CAPTURE_AUTORELEASING = YES;
				CLANG_WARN_BOOL_CONVERSION = YES;
				CLANG_WARN_COMMA = YES;
				CLANG_WARN_CONSTANT_CONVERSION = YES;
				CLANG_WARN_DEPRECATED_OBJC_IMPLEMENTATIONS = YES;
				CLANG_WARN_DIRECT_OBJC_ISA_USAGE = YES_ERROR;
				CLANG_WARN_DOCUMENTATION_COMMENTS = YES;
				CLANG_WARN_EMPTY_BODY = YES;
				CLANG_WARN_ENUM_CONVERSION = YES;
				CLANG_WARN_INFINITE_RECURSION = YES;
				CLANG_WARN_INT_CONVERSION = YES;
				CLANG_WARN_NON_LITERAL_NULL_CONVERSION = YES;
				CLANG_WARN_OBJC_IMPLICIT_RETAIN_SELF = YES;
				CLANG_WARN_OBJC_LITERAL_CONVERSION = YES;
				CLANG_WARN_OBJC_ROOT_CLASS = YES_ERROR;
				CLANG_WARN_QUOTED_INCLUDE_IN_FRAMEWORK_HEADER = YES;
				CLANG_WARN_RANGE_LOOP_ANALYSIS = YES;
				CLANG_WARN_STRICT_PROTOTYPES = YES;
				CLANG_WARN_SUSPICIOUS_MOVE = YES;
				CLANG_WARN_UNGUARDED_AVAILABILITY = YES_AGGRESSIVE;
				CLANG_WARN_UNREACHABLE_CODE = YES;
				CLANG_WARN__DUPLICATE_METHOD_MATCH = YES;
				COPY_PHASE_STRIP = NO;
				DEBUG_INFORMATION_FORMAT = dwarf;
				ENABLE_STRICT_OBJC_MSGSEND = YES;
				ENABLE_TESTABILITY = YES;
				GCC_C_LANGUAGE_STANDARD = gnu11;
				GCC_DYNAMIC_NO_PIC = NO;
				GCC_NO_COMMON_BLOCKS = YES;
				GCC_OPTIMIZATION_LEVEL = 0;
				GCC_PREPROCESSOR_DEFINITIONS = (
					"DEBUG=1",
					"$(inherited)",
				);
				GCC_WARN_64_TO_32_BIT_CONVERSION = YES;
				GCC_WARN_ABOUT_RETURN_TYPE = YES_ERROR;
				GCC_WARN_UNDECLARED_SELECTOR = YES;
				GCC_WARN_UNINITIALIZED_AUTOS = YES_AGGRESSIVE;
				GCC_WARN_UNUSED_FUNCTION = YES;
				GCC_WARN_UNUSED_VARIABLE = YES;
				IPHONEOS_DEPLOYMENT_TARGET = 13.6;
				MTL_ENABLE_DEBUG_INFO = INCLUDE_SOURCE;
				MTL_FAST_MATH = YES;
				ONLY_ACTIVE_ARCH = YES;
				SDKROOT = iphoneos;
				SWIFT_ACTIVE_COMPILATION_CONDITIONS = DEBUG;
				SWIFT_OPTIMIZATION_LEVEL = "-Onone";
			};
			name = Debug;
		};
		AB99E39F258A5B1F00FE1B1B /* Release */ = {
			isa = XCBuildConfiguration;
			buildSettings = {
				ALWAYS_SEARCH_USER_PATHS = NO;
				CLANG_ANALYZER_NONNULL = YES;
				CLANG_ANALYZER_NUMBER_OBJECT_CONVERSION = YES_AGGRESSIVE;
				CLANG_CXX_LANGUAGE_STANDARD = "gnu++14";
				CLANG_CXX_LIBRARY = "libc++";
				CLANG_ENABLE_MODULES = YES;
				CLANG_ENABLE_OBJC_ARC = YES;
				CLANG_ENABLE_OBJC_WEAK = YES;
				CLANG_WARN_BLOCK_CAPTURE_AUTORELEASING = YES;
				CLANG_WARN_BOOL_CONVERSION = YES;
				CLANG_WARN_COMMA = YES;
				CLANG_WARN_CONSTANT_CONVERSION = YES;
				CLANG_WARN_DEPRECATED_OBJC_IMPLEMENTATIONS = YES;
				CLANG_WARN_DIRECT_OBJC_ISA_USAGE = YES_ERROR;
				CLANG_WARN_DOCUMENTATION_COMMENTS = YES;
				CLANG_WARN_EMPTY_BODY = YES;
				CLANG_WARN_ENUM_CONVERSION = YES;
				CLANG_WARN_INFINITE_RECURSION = YES;
				CLANG_WARN_INT_CONVERSION = YES;
				CLANG_WARN_NON_LITERAL_NULL_CONVERSION = YES;
				CLANG_WARN_OBJC_IMPLICIT_RETAIN_SELF = YES;
				CLANG_WARN_OBJC_LITERAL_CONVERSION = YES;
				CLANG_WARN_OBJC_ROOT_CLASS = YES_ERROR;
				CLANG_WARN_QUOTED_INCLUDE_IN_FRAMEWORK_HEADER = YES;
				CLANG_WARN_RANGE_LOOP_ANALYSIS = YES;
				CLANG_WARN_STRICT_PROTOTYPES = YES;
				CLANG_WARN_SUSPICIOUS_MOVE = YES;
				CLANG_WARN_UNGUARDED_AVAILABILITY = YES_AGGRESSIVE;
				CLANG_WARN_UNREACHABLE_CODE = YES;
				CLANG_WARN__DUPLICATE_METHOD_MATCH = YES;
				COPY_PHASE_STRIP = NO;
				DEBUG_INFORMATION_FORMAT = "dwarf-with-dsym";
				ENABLE_NS_ASSERTIONS = NO;
				ENABLE_STRICT_OBJC_MSGSEND = YES;
				GCC_C_LANGUAGE_STANDARD = gnu11;
				GCC_NO_COMMON_BLOCKS = YES;
				GCC_WARN_64_TO_32_BIT_CONVERSION = YES;
				GCC_WARN_ABOUT_RETURN_TYPE = YES_ERROR;
				GCC_WARN_UNDECLARED_SELECTOR = YES;
				GCC_WARN_UNINITIALIZED_AUTOS = YES_AGGRESSIVE;
				GCC_WARN_UNUSED_FUNCTION = YES;
				GCC_WARN_UNUSED_VARIABLE = YES;
				IPHONEOS_DEPLOYMENT_TARGET = 13.6;
				MTL_ENABLE_DEBUG_INFO = NO;
				MTL_FAST_MATH = YES;
				SDKROOT = iphoneos;
				SWIFT_COMPILATION_MODE = wholemodule;
				SWIFT_OPTIMIZATION_LEVEL = "-O";
				VALIDATE_PRODUCT = YES;
			};
			name = Release;
		};
		AB99E3A1258A5B1F00FE1B1B /* Debug */ = {
			isa = XCBuildConfiguration;
			buildSettings = {
				ASSETCATALOG_COMPILER_APPICON_NAME = AppIcon;
				ASSETCATALOG_COMPILER_GLOBAL_ACCENT_COLOR_NAME = AccentColor;
				CODE_SIGN_STYLE = Automatic;
				DEVELOPMENT_ASSET_PATHS = "\"journal/Preview Content\"";
				DEVELOPMENT_TEAM = 7L467ASR92;
				ENABLE_PREVIEWS = YES;
				INFOPLIST_FILE = journal/Info.plist;
				IPHONEOS_DEPLOYMENT_TARGET = 14.0;
				LD_RUNPATH_SEARCH_PATHS = (
					"$(inherited)",
					"@executable_path/Frameworks",
				);
				PRODUCT_BUNDLE_IDENTIFIER = com.loris.journal;
				PRODUCT_NAME = "$(TARGET_NAME)";
				SWIFT_VERSION = 5.0;
				TARGETED_DEVICE_FAMILY = "1,2";
			};
			name = Debug;
		};
		AB99E3A2258A5B1F00FE1B1B /* Release */ = {
			isa = XCBuildConfiguration;
			buildSettings = {
				ASSETCATALOG_COMPILER_APPICON_NAME = AppIcon;
				ASSETCATALOG_COMPILER_GLOBAL_ACCENT_COLOR_NAME = AccentColor;
				CODE_SIGN_STYLE = Automatic;
				DEVELOPMENT_ASSET_PATHS = "\"journal/Preview Content\"";
				DEVELOPMENT_TEAM = 7L467ASR92;
				ENABLE_PREVIEWS = YES;
				INFOPLIST_FILE = journal/Info.plist;
				IPHONEOS_DEPLOYMENT_TARGET = 14.0;
				LD_RUNPATH_SEARCH_PATHS = (
					"$(inherited)",
					"@executable_path/Frameworks",
				);
				PRODUCT_BUNDLE_IDENTIFIER = com.loris.journal;
				PRODUCT_NAME = "$(TARGET_NAME)";
				SWIFT_VERSION = 5.0;
				TARGETED_DEVICE_FAMILY = "1,2";
			};
			name = Release;
		};
/* End XCBuildConfiguration section */

/* Begin XCConfigurationList section */
		AB99E38C258A5B1A00FE1B1B /* Build configuration list for PBXProject "journal" */ = {
			isa = XCConfigurationList;
			buildConfigurations = (
				AB99E39E258A5B1F00FE1B1B /* Debug */,
				AB99E39F258A5B1F00FE1B1B /* Release */,
			);
			defaultConfigurationIsVisible = 0;
			defaultConfigurationName = Release;
		};
		AB99E3A0258A5B1F00FE1B1B /* Build configuration list for PBXNativeTarget "journal" */ = {
			isa = XCConfigurationList;
			buildConfigurations = (
				AB99E3A1258A5B1F00FE1B1B /* Debug */,
				AB99E3A2258A5B1F00FE1B1B /* Release */,
			);
			defaultConfigurationIsVisible = 0;
			defaultConfigurationName = Release;
		};
/* End XCConfigurationList section */
	};
	rootObject = AB99E389258A5B1A00FE1B1B /* Project object */;
}
